{"1.1.0",
[{<<"basin">>,
  {git,"git@bitbros.com:/basin",
       {ref,"26ad157bf6b7334d0f06de0d0e1e3ef565770d7a"}},
  0},
 {<<"cowboy">>,
  {git,"https://github.com/ninenines/cowboy.git",
       {ref,"e0254cdcb002d26a601d087b536d2b7e9be1f1f7"}},
  0},
 {<<"cowlib">>,
  {git,"https://github.com/ninenines/cowlib",
       {ref,"8588724cf91ddbb53b9c35ed665866556b217323"}},
  1},
 {<<"eleveldb">>,
  {git,"https://github.com/basho/eleveldb.git",
       {ref,"3585ada6fd3c63ac006be6255e400b401dee872c"}},
  1},
 {<<"goldrush">>,{pkg,<<"goldrush">>,<<"0.1.9">>},1},
 {<<"gpb">>,
  {git,"https://github.com/tomas-abrahamsson/gpb.git",
       {ref,"378d1fd51f2b94d8ecf0d8b370e1e078c7160735"}},
  1},
 {<<"lager">>,
  {git,"https://github.com/erlang-lager/lager.git",
       {ref,"1c0ab772df0535d46a4467857954ee4dcf7f3078"}},
  0},
 {<<"maxwell_protocol">>,
  {git,"git@bitbros.com:/maxwell-protocol-erlang",
       {ref,"ea81ddf60f712d1eb632a70f126681f7d731babe"}},
  0},
 {<<"msgpack">>,
  {git,"https://github.com/msgpack/msgpack-erlang.git",
       {ref,"a1e015d35166baa80e55b38b95d02a1b149fe524"}},
  1},
 {<<"ranch">>,
  {git,"https://github.com/ninenines/ranch",
       {ref,"3190aef88aea04d6dce8545fe9b4574288903f44"}},
  1}]}.
[
{pkg_hash,[
 {<<"goldrush">>, <<"F06E5D5F1277DA5C413E84D5A2924174182FB108DABB39D5EC548B27424CD106">>}]}
].
